Microsoft Visual Studio Solution File, Format Version 12.00
# Visual Studio Version 17
VisualStudioVersion = 17.5.2.0
MinimumVisualStudioVersion = 10.0.40219.1
Project("{2150E333-8FDC-42A3-9474-1A3956D46DE8}") = "autotest", "autotest", "{7365E4D2-F83B-A7FD-AAE1-BAEA71913D76}"
EndProject
Project("{FAE04EC0-301F-11D3-BF4B-00C04F79EFBC}") = "LogGenerator", "autotest\LogGenerator\LogGenerator.csproj", "{BAECF599-66A3-B601-0C7E-FB8F54D7B60C}"
EndProject
Global
	GlobalSection(SolutionConfigurationPlatforms) = preSolution
		Debug|Any CPU = Debug|Any CPU
		Release|Any CPU = Release|Any CPU
	EndGlobalSection
	GlobalSection(ProjectConfigurationPlatforms) = postSolution
		{BAECF599-66A3-B601-0C7E-FB8F54D7B60C}.Debug|Any CPU.ActiveCfg = Debug|Any CPU
		{BAECF599-66A3-B601-0C7E-FB8F54D7B60C}.Debug|Any CPU.Build.0 = Debug|Any CPU
		{BAECF599-66A3-B601-0C7E-FB8F54D7B60C}.Release|Any CPU.ActiveCfg = Release|Any CPU
		{BAECF599-66A3-B601-0C7E-FB8F54D7B60C}.Release|Any CPU.Build.0 = Release|Any CPU
	EndGlobalSection
	GlobalSection(SolutionProperties) = preSolution
		HideSolutionNode = FALSE
	EndGlobalSection
	GlobalSection(NestedProjects) = preSolution
		{BAECF599-66A3-B601-0C7E-FB8F54D7B60C} = {7365E4D2-F83B-A7FD-AAE1-BAEA71913D76}
	EndGlobalSection
	GlobalSection(ExtensibilityGlobals) = postSolution
		SolutionGuid = {6220BC34-2B8B-4A5F-A657-9F98BE852574}
	EndGlobalSection
EndGlobal
